
Microsoft Visual Studio Solution File, Format Version 12.00
# Visual Studio Version 17
VisualStudioVersion = 17.2.32505.173
MinimumVisualStudioVersion = 10.0.40219.1
Project("{FAE04EC0-301F-11D3-BF4B-00C04F79EFBC}") = "Watchtower", "Watchtower\Watchtower.csproj", "{37D6F092-3F27-4C5D-97F4-862DC3DEBAAD}"
EndProject
Global
	GlobalSection(SolutionConfigurationPlatforms) = preSolution
		Debug|Any CPU = Debug|Any CPU
		Release|Any CPU = Release|Any CPU
	EndGlobalSection
	GlobalSection(ProjectConfigurationPlatforms) = postSolution
		{37D6F092-3F27-4C5D-97F4-862DC3DEBAAD}.Debug|Any CPU.ActiveCfg = Debug|Any CPU
		{37D6F092-3F27-4C5D-97F4-862DC3DEBAAD}.Debug|Any CPU.Build.0 = Debug|Any CPU
		{37D6F092-3F27-4C5D-97F4-862DC3DEBAAD}.Release|Any CPU.ActiveCfg = Release|Any CPU
		{37D6F092-3F27-4C5D-97F4-862DC3DEBAAD}.Release|Any CPU.Build.0 = Release|Any CPU
	EndGlobalSection
	GlobalSection(SolutionProperties) = preSolution
		HideSolutionNode = FALSE
	EndGlobalSection
	GlobalSection(ExtensibilityGlobals) = postSolution
		SolutionGuid = {9B52C774-961B-446E-8924-33D11280B595}
	EndGlobalSection
EndGlobal
